// !$*UTF8*$!
{
	archiveVersion = 1;
	classes = {
	};
	objectVersion = 56;
	objects = {

/* Begin PBXBuildFile section */
		2C0AB64A29C8CAED006B276E /* OccurrenceListViewController.swift in Sources */ = {isa = PBXBuildFile; fileRef = 2C0AB64929C8CAED006B276E /* OccurrenceListViewController.swift */; };
		2C0AB64C29C8D40D006B276E /* CustomOcurrencetableViewCellTableViewCell.swift in Sources */ = {isa = PBXBuildFile; fileRef = 2C0AB64B29C8D40D006B276E /* CustomOcurrencetableViewCellTableViewCell.swift */; };
		2C4D113529CF7C4600C485A6 /* OccurrenceUserListViewController.swift in Sources */ = {isa = PBXBuildFile; fileRef = 2C4D113429CF7C4600C485A6 /* OccurrenceUserListViewController.swift */; };
		2C4D113929CF7F7E00C485A6 /* OcurrenceFilteredViewController.swift in Sources */ = {isa = PBXBuildFile; fileRef = 2C4D113829CF7F7E00C485A6 /* OcurrenceFilteredViewController.swift */; };
		2CA84FE829C63A5C006A0341 /* LocalizationAuthViewController.swift in Sources */ = {isa = PBXBuildFile; fileRef = 2CA84FE529C63A5B006A0341 /* LocalizationAuthViewController.swift */; };
		2CA84FE929C63A5C006A0341 /* Ocurrence.swift in Sources */ = {isa = PBXBuildFile; fileRef = 2CA84FE629C63A5B006A0341 /* Ocurrence.swift */; };
		2CA84FEA29C63A5C006A0341 /* LoginViewController.swift in Sources */ = {isa = PBXBuildFile; fileRef = 2CA84FE729C63A5C006A0341 /* LoginViewController.swift */; };
		2CE26F7229C7CBD400A49ABB /* CustomTextField.swift in Sources */ = {isa = PBXBuildFile; fileRef = 2CE26F7129C7CBD400A49ABB /* CustomTextField.swift */; };
		2CE26F7429C7D54700A49ABB /* CustomButton.swift in Sources */ = {isa = PBXBuildFile; fileRef = 2CE26F7329C7D54700A49ABB /* CustomButton.swift */; };
		2CE8233729DC7F3400AE023F /* Kingfisher in Frameworks */ = {isa = PBXBuildFile; productRef = 2CE8233629DC7F3400AE023F /* Kingfisher */; };
		A455321F29CE702300B7AE95 /* OcurrenceDetailViewController.swift in Sources */ = {isa = PBXBuildFile; fileRef = A455321E29CE702300B7AE95 /* OcurrenceDetailViewController.swift */; };
		A4DCD63C29C89F57007424F2 /* RegisterViewController.swift in Sources */ = {isa = PBXBuildFile; fileRef = A4DCD63B29C89F57007424F2 /* RegisterViewController.swift */; };
		A4DCD64A29CB761E007424F2 /* ReportViewController.swift in Sources */ = {isa = PBXBuildFile; fileRef = A4DCD64929CB761E007424F2 /* ReportViewController.swift */; };
		F20E17F229C8CA290068B704 /* UserMenuViewController.swift in Sources */ = {isa = PBXBuildFile; fileRef = F20E17F129C8CA290068B704 /* UserMenuViewController.swift */; };
		F20E17F429C8EEBE0068B704 /* ConfirmationViewController.swift in Sources */ = {isa = PBXBuildFile; fileRef = F20E17F329C8EEBE0068B704 /* ConfirmationViewController.swift */; };
		F20E17F929C8FA7E0068B704 /* FirebaseAnalytics in Frameworks */ = {isa = PBXBuildFile; productRef = F20E17F829C8FA7E0068B704 /* FirebaseAnalytics */; };
		F20E17FB29C8FA7E0068B704 /* FirebaseAnalyticsOnDeviceConversion in Frameworks */ = {isa = PBXBuildFile; productRef = F20E17FA29C8FA7E0068B704 /* FirebaseAnalyticsOnDeviceConversion */; };
		F20E17FD29C8FA7E0068B704 /* FirebaseAnalyticsSwift in Frameworks */ = {isa = PBXBuildFile; productRef = F20E17FC29C8FA7E0068B704 /* FirebaseAnalyticsSwift */; };
		F20E17FF29C8FA7E0068B704 /* FirebaseAnalyticsWithoutAdIdSupport in Frameworks */ = {isa = PBXBuildFile; productRef = F20E17FE29C8FA7E0068B704 /* FirebaseAnalyticsWithoutAdIdSupport */; };
		F20E180129C8FA7E0068B704 /* FirebaseAppCheck in Frameworks */ = {isa = PBXBuildFile; productRef = F20E180029C8FA7E0068B704 /* FirebaseAppCheck */; };
		F20E180329C8FA7E0068B704 /* FirebaseAppDistribution-Beta in Frameworks */ = {isa = PBXBuildFile; productRef = F20E180229C8FA7E0068B704 /* FirebaseAppDistribution-Beta */; };
		F20E180529C8FA7E0068B704 /* FirebaseAuth in Frameworks */ = {isa = PBXBuildFile; productRef = F20E180429C8FA7E0068B704 /* FirebaseAuth */; };
		F20E180729C8FA7E0068B704 /* FirebaseAuthCombine-Community in Frameworks */ = {isa = PBXBuildFile; productRef = F20E180629C8FA7E0068B704 /* FirebaseAuthCombine-Community */; };
		F20E180929C8FA7E0068B704 /* FirebaseCrashlytics in Frameworks */ = {isa = PBXBuildFile; productRef = F20E180829C8FA7E0068B704 /* FirebaseCrashlytics */; };
		F20E180B29C8FA7E0068B704 /* FirebaseDatabase in Frameworks */ = {isa = PBXBuildFile; productRef = F20E180A29C8FA7E0068B704 /* FirebaseDatabase */; };
		F20E180D29C8FA7E0068B704 /* FirebaseDatabaseSwift in Frameworks */ = {isa = PBXBuildFile; productRef = F20E180C29C8FA7E0068B704 /* FirebaseDatabaseSwift */; };
		F20E180F29C8FA7E0068B704 /* FirebaseDynamicLinks in Frameworks */ = {isa = PBXBuildFile; productRef = F20E180E29C8FA7E0068B704 /* FirebaseDynamicLinks */; };
		F20E181129C8FA7E0068B704 /* FirebaseFirestore in Frameworks */ = {isa = PBXBuildFile; productRef = F20E181029C8FA7E0068B704 /* FirebaseFirestore */; };
		F20E181329C8FA7E0068B704 /* FirebaseFirestoreCombine-Community in Frameworks */ = {isa = PBXBuildFile; productRef = F20E181229C8FA7E0068B704 /* FirebaseFirestoreCombine-Community */; };
		F20E181529C8FA7E0068B704 /* FirebaseFirestoreSwift in Frameworks */ = {isa = PBXBuildFile; productRef = F20E181429C8FA7E0068B704 /* FirebaseFirestoreSwift */; };
		F20E181729C8FA7E0068B704 /* FirebaseFunctions in Frameworks */ = {isa = PBXBuildFile; productRef = F20E181629C8FA7E0068B704 /* FirebaseFunctions */; };
		F20E181929C8FA7E0068B704 /* FirebaseFunctionsCombine-Community in Frameworks */ = {isa = PBXBuildFile; productRef = F20E181829C8FA7E0068B704 /* FirebaseFunctionsCombine-Community */; };
		F20E181B29C8FA7E0068B704 /* FirebaseInAppMessaging-Beta in Frameworks */ = {isa = PBXBuildFile; productRef = F20E181A29C8FA7E0068B704 /* FirebaseInAppMessaging-Beta */; };
		F20E181D29C8FA7E0068B704 /* FirebaseInAppMessagingSwift-Beta in Frameworks */ = {isa = PBXBuildFile; productRef = F20E181C29C8FA7E0068B704 /* FirebaseInAppMessagingSwift-Beta */; };
		F20E181F29C8FA7E0068B704 /* FirebaseInstallations in Frameworks */ = {isa = PBXBuildFile; productRef = F20E181E29C8FA7E0068B704 /* FirebaseInstallations */; };
		F20E182129C8FA7E0068B704 /* FirebaseMLModelDownloader in Frameworks */ = {isa = PBXBuildFile; productRef = F20E182029C8FA7E0068B704 /* FirebaseMLModelDownloader */; };
		F20E182329C8FA7F0068B704 /* FirebaseMessaging in Frameworks */ = {isa = PBXBuildFile; productRef = F20E182229C8FA7F0068B704 /* FirebaseMessaging */; };
		F20E182529C8FA7F0068B704 /* FirebasePerformance in Frameworks */ = {isa = PBXBuildFile; productRef = F20E182429C8FA7F0068B704 /* FirebasePerformance */; };
		F20E182729C8FA7F0068B704 /* FirebaseRemoteConfig in Frameworks */ = {isa = PBXBuildFile; productRef = F20E182629C8FA7F0068B704 /* FirebaseRemoteConfig */; };
		F20E182929C8FA7F0068B704 /* FirebaseRemoteConfigSwift in Frameworks */ = {isa = PBXBuildFile; productRef = F20E182829C8FA7F0068B704 /* FirebaseRemoteConfigSwift */; };
		F20E182B29C8FA7F0068B704 /* FirebaseStorage in Frameworks */ = {isa = PBXBuildFile; productRef = F20E182A29C8FA7F0068B704 /* FirebaseStorage */; };
		F20E182D29C8FA7F0068B704 /* FirebaseStorageCombine-Community in Frameworks */ = {isa = PBXBuildFile; productRef = F20E182C29C8FA7F0068B704 /* FirebaseStorageCombine-Community */; };
		F20E183129C927250068B704 /* GoogleService-Info.plist in Resources */ = {isa = PBXBuildFile; fileRef = F20E183029C927250068B704 /* GoogleService-Info.plist */; };
		F20E183429C929A70068B704 /* Constants.swift in Sources */ = {isa = PBXBuildFile; fileRef = F20E183329C929A70068B704 /* Constants.swift */; };
		F20E183929C9A8CF0068B704 /* AdminFiltersViewController.swift in Sources */ = {isa = PBXBuildFile; fileRef = F20E183829C9A8CF0068B704 /* AdminFiltersViewController.swift */; };
		F20E184D29CB952D0068B704 /* OccurrenceFilterViewController.swift in Sources */ = {isa = PBXBuildFile; fileRef = F20E184C29CB952D0068B704 /* OccurrenceFilterViewController.swift */; };
		F252F45929CCE4330050183F /* OccurrenceTypeFilterViewControllerModal.swift in Sources */ = {isa = PBXBuildFile; fileRef = F252F45829CCE4330050183F /* OccurrenceTypeFilterViewControllerModal.swift */; };
		F252F45D29CD159B0050183F /* OccurrenceRadiusFilterViewControllerModal.swift in Sources */ = {isa = PBXBuildFile; fileRef = F252F45C29CD159B0050183F /* OccurrenceRadiusFilterViewControllerModal.swift */; };
		F252F45F29CD1C960050183F /* OccurrenceTypeFilterAdminViewControllerModal.swift in Sources */ = {isa = PBXBuildFile; fileRef = F252F45E29CD1C960050183F /* OccurrenceTypeFilterAdminViewControllerModal.swift */; };
		F252F46129CD1D8B0050183F /* OccurrenceRadiusFilterAdminViewControllerModal.swift in Sources */ = {isa = PBXBuildFile; fileRef = F252F46029CD1D8B0050183F /* OccurrenceRadiusFilterAdminViewControllerModal.swift */; };
		F252F46329CD1E8F0050183F /* OccurrenceStatusFilterAdminViewControllerModal.swift in Sources */ = {isa = PBXBuildFile; fileRef = F252F46229CD1E8F0050183F /* OccurrenceStatusFilterAdminViewControllerModal.swift */; };
		F2EA989629BF990300AF7ECC /* AppDelegate.swift in Sources */ = {isa = PBXBuildFile; fileRef = F2EA989529BF990300AF7ECC /* AppDelegate.swift */; };
		F2EA989829BF990300AF7ECC /* SceneDelegate.swift in Sources */ = {isa = PBXBuildFile; fileRef = F2EA989729BF990300AF7ECC /* SceneDelegate.swift */; };
		F2EA989D29BF990300AF7ECC /* Main.storyboard in Resources */ = {isa = PBXBuildFile; fileRef = F2EA989B29BF990300AF7ECC /* Main.storyboard */; };
		F2EA989F29BF990500AF7ECC /* Assets.xcassets in Resources */ = {isa = PBXBuildFile; fileRef = F2EA989E29BF990500AF7ECC /* Assets.xcassets */; };
		F2EA98A229BF990500AF7ECC /* LaunchScreen.storyboard in Resources */ = {isa = PBXBuildFile; fileRef = F2EA98A029BF990500AF7ECC /* LaunchScreen.storyboard */; };
/* End PBXBuildFile section */

/* Begin PBXFileReference section */
		2C0AB64929C8CAED006B276E /* OccurrenceListViewController.swift */ = {isa = PBXFileReference; lastKnownFileType = sourcecode.swift; path = OccurrenceListViewController.swift; sourceTree = "<group>"; };
		2C0AB64B29C8D40D006B276E /* CustomOcurrencetableViewCellTableViewCell.swift */ = {isa = PBXFileReference; lastKnownFileType = sourcecode.swift; path = CustomOcurrencetableViewCellTableViewCell.swift; sourceTree = "<group>"; };
		2C4D113429CF7C4600C485A6 /* OccurrenceUserListViewController.swift */ = {isa = PBXFileReference; lastKnownFileType = sourcecode.swift; path = OccurrenceUserListViewController.swift; sourceTree = "<group>"; };
		2C4D113829CF7F7E00C485A6 /* OcurrenceFilteredViewController.swift */ = {isa = PBXFileReference; lastKnownFileType = sourcecode.swift; path = OcurrenceFilteredViewController.swift; sourceTree = "<group>"; };
		2CA84FE529C63A5B006A0341 /* LocalizationAuthViewController.swift */ = {isa = PBXFileReference; fileEncoding = 4; lastKnownFileType = sourcecode.swift; path = LocalizationAuthViewController.swift; sourceTree = "<group>"; };
		2CA84FE629C63A5B006A0341 /* Ocurrence.swift */ = {isa = PBXFileReference; fileEncoding = 4; lastKnownFileType = sourcecode.swift; path = Ocurrence.swift; sourceTree = "<group>"; };
		2CA84FE729C63A5C006A0341 /* LoginViewController.swift */ = {isa = PBXFileReference; fileEncoding = 4; lastKnownFileType = sourcecode.swift; path = LoginViewController.swift; sourceTree = "<group>"; };
		2CE26F7129C7CBD400A49ABB /* CustomTextField.swift */ = {isa = PBXFileReference; lastKnownFileType = sourcecode.swift; path = CustomTextField.swift; sourceTree = "<group>"; };
		2CE26F7329C7D54700A49ABB /* CustomButton.swift */ = {isa = PBXFileReference; lastKnownFileType = sourcecode.swift; path = CustomButton.swift; sourceTree = "<group>"; };
		A455321E29CE702300B7AE95 /* OcurrenceDetailViewController.swift */ = {isa = PBXFileReference; lastKnownFileType = sourcecode.swift; path = OcurrenceDetailViewController.swift; sourceTree = "<group>"; };
		A4DCD63B29C89F57007424F2 /* RegisterViewController.swift */ = {isa = PBXFileReference; fileEncoding = 4; lastKnownFileType = sourcecode.swift; path = RegisterViewController.swift; sourceTree = "<group>"; };
		A4DCD64929CB761E007424F2 /* ReportViewController.swift */ = {isa = PBXFileReference; fileEncoding = 4; lastKnownFileType = sourcecode.swift; path = ReportViewController.swift; sourceTree = "<group>"; };
		F20E17F129C8CA290068B704 /* UserMenuViewController.swift */ = {isa = PBXFileReference; lastKnownFileType = sourcecode.swift; path = UserMenuViewController.swift; sourceTree = "<group>"; };
		F20E17F329C8EEBE0068B704 /* ConfirmationViewController.swift */ = {isa = PBXFileReference; lastKnownFileType = sourcecode.swift; path = ConfirmationViewController.swift; sourceTree = "<group>"; };
		F20E183029C927250068B704 /* GoogleService-Info.plist */ = {isa = PBXFileReference; lastKnownFileType = text.plist; path = "GoogleService-Info.plist"; sourceTree = SOURCE_ROOT; };
		F20E183329C929A70068B704 /* Constants.swift */ = {isa = PBXFileReference; lastKnownFileType = sourcecode.swift; path = Constants.swift; sourceTree = "<group>"; };
		F20E183829C9A8CF0068B704 /* AdminFiltersViewController.swift */ = {isa = PBXFileReference; lastKnownFileType = sourcecode.swift; path = AdminFiltersViewController.swift; sourceTree = "<group>"; };
		F20E184C29CB952D0068B704 /* OccurrenceFilterViewController.swift */ = {isa = PBXFileReference; lastKnownFileType = sourcecode.swift; path = OccurrenceFilterViewController.swift; sourceTree = "<group>"; };
		F252F45829CCE4330050183F /* OccurrenceTypeFilterViewControllerModal.swift */ = {isa = PBXFileReference; lastKnownFileType = sourcecode.swift; path = OccurrenceTypeFilterViewControllerModal.swift; sourceTree = "<group>"; };
		F252F45C29CD159B0050183F /* OccurrenceRadiusFilterViewControllerModal.swift */ = {isa = PBXFileReference; lastKnownFileType = sourcecode.swift; path = OccurrenceRadiusFilterViewControllerModal.swift; sourceTree = "<group>"; };
		F252F45E29CD1C960050183F /* OccurrenceTypeFilterAdminViewControllerModal.swift */ = {isa = PBXFileReference; lastKnownFileType = sourcecode.swift; path = OccurrenceTypeFilterAdminViewControllerModal.swift; sourceTree = "<group>"; };
		F252F46029CD1D8B0050183F /* OccurrenceRadiusFilterAdminViewControllerModal.swift */ = {isa = PBXFileReference; lastKnownFileType = sourcecode.swift; path = OccurrenceRadiusFilterAdminViewControllerModal.swift; sourceTree = "<group>"; };
		F252F46229CD1E8F0050183F /* OccurrenceStatusFilterAdminViewControllerModal.swift */ = {isa = PBXFileReference; lastKnownFileType = sourcecode.swift; path = OccurrenceStatusFilterAdminViewControllerModal.swift; sourceTree = "<group>"; };
		F2EA989229BF990300AF7ECC /* MyStreet.app */ = {isa = PBXFileReference; explicitFileType = wrapper.application; includeInIndex = 0; path = MyStreet.app; sourceTree = BUILT_PRODUCTS_DIR; };
		F2EA989529BF990300AF7ECC /* AppDelegate.swift */ = {isa = PBXFileReference; lastKnownFileType = sourcecode.swift; path = AppDelegate.swift; sourceTree = "<group>"; };
		F2EA989729BF990300AF7ECC /* SceneDelegate.swift */ = {isa = PBXFileReference; lastKnownFileType = sourcecode.swift; path = SceneDelegate.swift; sourceTree = "<group>"; };
		F2EA989C29BF990300AF7ECC /* Base */ = {isa = PBXFileReference; lastKnownFileType = file.storyboard; name = Base; path = Base.lproj/Main.storyboard; sourceTree = "<group>"; };
		F2EA989E29BF990500AF7ECC /* Assets.xcassets */ = {isa = PBXFileReference; lastKnownFileType = folder.assetcatalog; path = Assets.xcassets; sourceTree = "<group>"; };
		F2EA98A129BF990500AF7ECC /* Base */ = {isa = PBXFileReference; lastKnownFileType = file.storyboard; name = Base; path = Base.lproj/LaunchScreen.storyboard; sourceTree = "<group>"; };
		F2EA98A329BF990500AF7ECC /* Info.plist */ = {isa = PBXFileReference; lastKnownFileType = text.plist.xml; path = Info.plist; sourceTree = "<group>"; };
/* End PBXFileReference section */

/* Begin PBXFrameworksBuildPhase section */
		F2EA988F29BF990300AF7ECC /* Frameworks */ = {
			isa = PBXFrameworksBuildPhase;
			buildActionMask = 2147483647;
			files = (
				F20E180B29C8FA7E0068B704 /* FirebaseDatabase in Frameworks */,
				F20E181929C8FA7E0068B704 /* FirebaseFunctionsCombine-Community in Frameworks */,
				F20E181129C8FA7E0068B704 /* FirebaseFirestore in Frameworks */,
				F20E17FD29C8FA7E0068B704 /* FirebaseAnalyticsSwift in Frameworks */,
				F20E17F929C8FA7E0068B704 /* FirebaseAnalytics in Frameworks */,
				F20E17FB29C8FA7E0068B704 /* FirebaseAnalyticsOnDeviceConversion in Frameworks */,
				F20E182129C8FA7E0068B704 /* FirebaseMLModelDownloader in Frameworks */,
				F20E181529C8FA7E0068B704 /* FirebaseFirestoreSwift in Frameworks */,
				F20E180129C8FA7E0068B704 /* FirebaseAppCheck in Frameworks */,
				F20E17FF29C8FA7E0068B704 /* FirebaseAnalyticsWithoutAdIdSupport in Frameworks */,
				F20E180529C8FA7E0068B704 /* FirebaseAuth in Frameworks */,
				F20E180929C8FA7E0068B704 /* FirebaseCrashlytics in Frameworks */,
				F20E182929C8FA7F0068B704 /* FirebaseRemoteConfigSwift in Frameworks */,
				F20E181B29C8FA7E0068B704 /* FirebaseInAppMessaging-Beta in Frameworks */,
				F20E180D29C8FA7E0068B704 /* FirebaseDatabaseSwift in Frameworks */,
				F20E181729C8FA7E0068B704 /* FirebaseFunctions in Frameworks */,
				2CE8233729DC7F3400AE023F /* Kingfisher in Frameworks */,
				F20E182D29C8FA7F0068B704 /* FirebaseStorageCombine-Community in Frameworks */,
				F20E182729C8FA7F0068B704 /* FirebaseRemoteConfig in Frameworks */,
				F20E180329C8FA7E0068B704 /* FirebaseAppDistribution-Beta in Frameworks */,
				F20E180729C8FA7E0068B704 /* FirebaseAuthCombine-Community in Frameworks */,
				F20E182529C8FA7F0068B704 /* FirebasePerformance in Frameworks */,
				F20E181D29C8FA7E0068B704 /* FirebaseInAppMessagingSwift-Beta in Frameworks */,
				F20E182B29C8FA7F0068B704 /* FirebaseStorage in Frameworks */,
				F20E180F29C8FA7E0068B704 /* FirebaseDynamicLinks in Frameworks */,
				F20E181329C8FA7E0068B704 /* FirebaseFirestoreCombine-Community in Frameworks */,
				F20E182329C8FA7F0068B704 /* FirebaseMessaging in Frameworks */,
				F20E181F29C8FA7E0068B704 /* FirebaseInstallations in Frameworks */,
			);
			runOnlyForDeploymentPostprocessing = 0;
		};
/* End PBXFrameworksBuildPhase section */

/* Begin PBXGroup section */
		2CE26F7029C7CBA700A49ABB /* CustomElements */ = {
			isa = PBXGroup;
			children = (
				2CE26F7129C7CBD400A49ABB /* CustomTextField.swift */,
				2CE26F7329C7D54700A49ABB /* CustomButton.swift */,
				2C0AB64B29C8D40D006B276E /* CustomOcurrencetableViewCellTableViewCell.swift */,
			);
			path = CustomElements;
			sourceTree = "<group>";
		};
		750CD9AE29D8A32900631C25 /* Model */ = {
			isa = PBXGroup;
			children = (
				2CA84FE629C63A5B006A0341 /* Ocurrence.swift */,
			);
			path = Model;
			sourceTree = "<group>";
		};
		F20E183229C929890068B704 /* Utils */ = {
			isa = PBXGroup;
			children = (
				F20E183329C929A70068B704 /* Constants.swift */,
			);
			path = Utils;
			sourceTree = "<group>";
		};
		F2EA988929BF990300AF7ECC = {
			isa = PBXGroup;
			children = (
				F2EA989429BF990300AF7ECC /* MyStreet */,
				F2EA989329BF990300AF7ECC /* Products */,
			);
			sourceTree = "<group>";
		};
		F2EA989329BF990300AF7ECC /* Products */ = {
			isa = PBXGroup;
			children = (
				F2EA989229BF990300AF7ECC /* MyStreet.app */,
			);
			name = Products;
			sourceTree = "<group>";
		};
		F2EA989429BF990300AF7ECC /* MyStreet */ = {
			isa = PBXGroup;
			children = (
				750CD9AE29D8A32900631C25 /* Model */,
				F20E183229C929890068B704 /* Utils */,
				2CA84FE529C63A5B006A0341 /* LocalizationAuthViewController.swift */,
				2CA84FE729C63A5C006A0341 /* LoginViewController.swift */,
				A4DCD63B29C89F57007424F2 /* RegisterViewController.swift */,
				F20E17F129C8CA290068B704 /* UserMenuViewController.swift */,
				A4DCD64929CB761E007424F2 /* ReportViewController.swift */,
				F20E17F329C8EEBE0068B704 /* ConfirmationViewController.swift */,
				2C0AB64929C8CAED006B276E /* OccurrenceListViewController.swift */,
				A455321E29CE702300B7AE95 /* OcurrenceDetailViewController.swift */,
				2C4D113429CF7C4600C485A6 /* OccurrenceUserListViewController.swift */,
				F20E184C29CB952D0068B704 /* OccurrenceFilterViewController.swift */,
				2C4D113829CF7F7E00C485A6 /* OcurrenceFilteredViewController.swift */,
				F252F45829CCE4330050183F /* OccurrenceTypeFilterViewControllerModal.swift */,
				F252F45C29CD159B0050183F /* OccurrenceRadiusFilterViewControllerModal.swift */,
				F20E183829C9A8CF0068B704 /* AdminFiltersViewController.swift */,
				F252F45E29CD1C960050183F /* OccurrenceTypeFilterAdminViewControllerModal.swift */,
				F252F46029CD1D8B0050183F /* OccurrenceRadiusFilterAdminViewControllerModal.swift */,
				F252F46229CD1E8F0050183F /* OccurrenceStatusFilterAdminViewControllerModal.swift */,
				2CE26F7029C7CBA700A49ABB /* CustomElements */,
				F2EA989529BF990300AF7ECC /* AppDelegate.swift */,
				F2EA989729BF990300AF7ECC /* SceneDelegate.swift */,
				F2EA989B29BF990300AF7ECC /* Main.storyboard */,
				F2EA989E29BF990500AF7ECC /* Assets.xcassets */,
				F2EA98A029BF990500AF7ECC /* LaunchScreen.storyboard */,
				F2EA98A329BF990500AF7ECC /* Info.plist */,
				F20E183029C927250068B704 /* GoogleService-Info.plist */,
			);
			path = MyStreet;
			sourceTree = "<group>";
		};
/* End PBXGroup section */

/* Begin PBXNativeTarget section */
		F2EA989129BF990300AF7ECC /* MyStreet */ = {
			isa = PBXNativeTarget;
			buildConfigurationList = F2EA98A629BF990500AF7ECC /* Build configuration list for PBXNativeTarget "MyStreet" */;
			buildPhases = (
				F2EA988E29BF990300AF7ECC /* Sources */,
				F2EA988F29BF990300AF7ECC /* Frameworks */,
				F2EA989029BF990300AF7ECC /* Resources */,
			);
			buildRules = (
			);
			dependencies = (
			);
			name = MyStreet;
			packageProductDependencies = (
				F20E17F829C8FA7E0068B704 /* FirebaseAnalytics */,
				F20E17FA29C8FA7E0068B704 /* FirebaseAnalyticsOnDeviceConversion */,
				F20E17FC29C8FA7E0068B704 /* FirebaseAnalyticsSwift */,
				F20E17FE29C8FA7E0068B704 /* FirebaseAnalyticsWithoutAdIdSupport */,
				F20E180029C8FA7E0068B704 /* FirebaseAppCheck */,
				F20E180229C8FA7E0068B704 /* FirebaseAppDistribution-Beta */,
				F20E180429C8FA7E0068B704 /* FirebaseAuth */,
				F20E180629C8FA7E0068B704 /* FirebaseAuthCombine-Community */,
				F20E180829C8FA7E0068B704 /* FirebaseCrashlytics */,
				F20E180A29C8FA7E0068B704 /* FirebaseDatabase */,
				F20E180C29C8FA7E0068B704 /* FirebaseDatabaseSwift */,
				F20E180E29C8FA7E0068B704 /* FirebaseDynamicLinks */,
				F20E181029C8FA7E0068B704 /* FirebaseFirestore */,
				F20E181229C8FA7E0068B704 /* FirebaseFirestoreCombine-Community */,
				F20E181429C8FA7E0068B704 /* FirebaseFirestoreSwift */,
				F20E181629C8FA7E0068B704 /* FirebaseFunctions */,
				F20E181829C8FA7E0068B704 /* FirebaseFunctionsCombine-Community */,
				F20E181A29C8FA7E0068B704 /* FirebaseInAppMessaging-Beta */,
				F20E181C29C8FA7E0068B704 /* FirebaseInAppMessagingSwift-Beta */,
				F20E181E29C8FA7E0068B704 /* FirebaseInstallations */,
				F20E182029C8FA7E0068B704 /* FirebaseMLModelDownloader */,
				F20E182229C8FA7F0068B704 /* FirebaseMessaging */,
				F20E182429C8FA7F0068B704 /* FirebasePerformance */,
				F20E182629C8FA7F0068B704 /* FirebaseRemoteConfig */,
				F20E182829C8FA7F0068B704 /* FirebaseRemoteConfigSwift */,
				F20E182A29C8FA7F0068B704 /* FirebaseStorage */,
				F20E182C29C8FA7F0068B704 /* FirebaseStorageCombine-Community */,
				2CE8233629DC7F3400AE023F /* Kingfisher */,
			);
			productName = MyStreet;
			productReference = F2EA989229BF990300AF7ECC /* MyStreet.app */;
			productType = "com.apple.product-type.application";
		};
/* End PBXNativeTarget section */

/* Begin PBXProject section */
		F2EA988A29BF990300AF7ECC /* Project object */ = {
			isa = PBXProject;
			attributes = {
				BuildIndependentTargetsInParallel = 1;
				LastSwiftUpdateCheck = 1420;
				LastUpgradeCheck = 1420;
				TargetAttributes = {
					F2EA989129BF990300AF7ECC = {
						CreatedOnToolsVersion = 14.2;
					};
				};
			};
			buildConfigurationList = F2EA988D29BF990300AF7ECC /* Build configuration list for PBXProject "MyStreet" */;
			compatibilityVersion = "Xcode 14.0";
			developmentRegion = en;
			hasScannedForEncodings = 0;
			knownRegions = (
				en,
				Base,
			);
			mainGroup = F2EA988929BF990300AF7ECC;
			packageReferences = (
				F20E17F729C8FA7E0068B704 /* XCRemoteSwiftPackageReference "firebase-ios-sdk" */,
				2CE8233529DC7F3400AE023F /* XCRemoteSwiftPackageReference "Kingfisher" */,
			);
			productRefGroup = F2EA989329BF990300AF7ECC /* Products */;
			projectDirPath = "";
			projectRoot = "";
			targets = (
				F2EA989129BF990300AF7ECC /* MyStreet */,
			);
		};
/* End PBXProject section */

/* Begin PBXResourcesBuildPhase section */
		F2EA989029BF990300AF7ECC /* Resources */ = {
			isa = PBXResourcesBuildPhase;
			buildActionMask = 2147483647;
			files = (
				F2EA98A229BF990500AF7ECC /* LaunchScreen.storyboard in Resources */,
				F20E183129C927250068B704 /* GoogleService-Info.plist in Resources */,
				F2EA989F29BF990500AF7ECC /* Assets.xcassets in Resources */,
				F2EA989D29BF990300AF7ECC /* Main.storyboard in Resources */,
			);
			runOnlyForDeploymentPostprocessing = 0;
		};
/* End PBXResourcesBuildPhase section */

/* Begin PBXSourcesBuildPhase section */
		F2EA988E29BF990300AF7ECC /* Sources */ = {
			isa = PBXSourcesBuildPhase;
			buildActionMask = 2147483647;
			files = (
				2CA84FE829C63A5C006A0341 /* LocalizationAuthViewController.swift in Sources */,
				F2EA989629BF990300AF7ECC /* AppDelegate.swift in Sources */,
				F20E183929C9A8CF0068B704 /* AdminFiltersViewController.swift in Sources */,
				2CE26F7229C7CBD400A49ABB /* CustomTextField.swift in Sources */,
				F20E17F229C8CA290068B704 /* UserMenuViewController.swift in Sources */,
				F20E17F429C8EEBE0068B704 /* ConfirmationViewController.swift in Sources */,
				A4DCD63C29C89F57007424F2 /* RegisterViewController.swift in Sources */,
				2C0AB64A29C8CAED006B276E /* OccurrenceListViewController.swift in Sources */,
				F252F45929CCE4330050183F /* OccurrenceTypeFilterViewControllerModal.swift in Sources */,
				F252F45D29CD159B0050183F /* OccurrenceRadiusFilterViewControllerModal.swift in Sources */,
				A4DCD64A29CB761E007424F2 /* ReportViewController.swift in Sources */,
				F20E183429C929A70068B704 /* Constants.swift in Sources */,
				A455321F29CE702300B7AE95 /* OcurrenceDetailViewController.swift in Sources */,
				F20E184D29CB952D0068B704 /* OccurrenceFilterViewController.swift in Sources */,
				F2EA989829BF990300AF7ECC /* SceneDelegate.swift in Sources */,
				2C4D113529CF7C4600C485A6 /* OccurrenceUserListViewController.swift in Sources */,
				2CE26F7429C7D54700A49ABB /* CustomButton.swift in Sources */,
				2C4D113929CF7F7E00C485A6 /* OcurrenceFilteredViewController.swift in Sources */,
				F252F46129CD1D8B0050183F /* OccurrenceRadiusFilterAdminViewControllerModal.swift in Sources */,
				2CA84FEA29C63A5C006A0341 /* LoginViewController.swift in Sources */,
				2CA84FE929C63A5C006A0341 /* Ocurrence.swift in Sources */,
				F252F45F29CD1C960050183F /* OccurrenceTypeFilterAdminViewControllerModal.swift in Sources */,
				F252F46329CD1E8F0050183F /* OccurrenceStatusFilterAdminViewControllerModal.swift in Sources */,
				2C0AB64C29C8D40D006B276E /* CustomOcurrencetableViewCellTableViewCell.swift in Sources */,
			);
			runOnlyForDeploymentPostprocessing = 0;
		};
/* End PBXSourcesBuildPhase section */

/* Begin PBXVariantGroup section */
		F2EA989B29BF990300AF7ECC /* Main.storyboard */ = {
			isa = PBXVariantGroup;
			children = (
				F2EA989C29BF990300AF7ECC /* Base */,
			);
			name = Main.storyboard;
			sourceTree = "<group>";
		};
		F2EA98A029BF990500AF7ECC /* LaunchScreen.storyboard */ = {
			isa = PBXVariantGroup;
			children = (
				F2EA98A129BF990500AF7ECC /* Base */,
			);
			name = LaunchScreen.storyboard;
			sourceTree = "<group>";
		};
/* End PBXVariantGroup section */

/* Begin XCBuildConfiguration section */
		F2EA98A429BF990500AF7ECC /* Debug */ = {
			isa = XCBuildConfiguration;
			buildSettings = {
				ALWAYS_SEARCH_USER_PATHS = NO;
				CLANG_ANALYZER_NONNULL = YES;
				CLANG_ANALYZER_NUMBER_OBJECT_CONVERSION = YES_AGGRESSIVE;
				CLANG_CXX_LANGUAGE_STANDARD = "gnu++20";
				CLANG_ENABLE_MODULES = YES;
				CLANG_ENABLE_OBJC_ARC = YES;
				CLANG_ENABLE_OBJC_WEAK = YES;
				CLANG_WARN_BLOCK_CAPTURE_AUTORELEASING = YES;
				CLANG_WARN_BOOL_CONVERSION = YES;
				CLANG_WARN_COMMA = YES;
				CLANG_WARN_CONSTANT_CONVERSION = YES;
				CLANG_WARN_DEPRECATED_OBJC_IMPLEMENTATIONS = YES;
				CLANG_WARN_DIRECT_OBJC_ISA_USAGE = YES_ERROR;
				CLANG_WARN_DOCUMENTATION_COMMENTS = YES;
				CLANG_WARN_EMPTY_BODY = YES;
				CLANG_WARN_ENUM_CONVERSION = YES;
				CLANG_WARN_INFINITE_RECURSION = YES;
				CLANG_WARN_INT_CONVERSION = YES;
				CLANG_WARN_NON_LITERAL_NULL_CONVERSION = YES;
				CLANG_WARN_OBJC_IMPLICIT_RETAIN_SELF = YES;
				CLANG_WARN_OBJC_LITERAL_CONVERSION = YES;
				CLANG_WARN_OBJC_ROOT_CLASS = YES_ERROR;
				CLANG_WARN_QUOTED_INCLUDE_IN_FRAMEWORK_HEADER = YES;
				CLANG_WARN_RANGE_LOOP_ANALYSIS = YES;
				CLANG_WARN_STRICT_PROTOTYPES = YES;
				CLANG_WARN_SUSPICIOUS_MOVE = YES;
				CLANG_WARN_UNGUARDED_AVAILABILITY = YES_AGGRESSIVE;
				CLANG_WARN_UNREACHABLE_CODE = YES;
				CLANG_WARN__DUPLICATE_METHOD_MATCH = YES;
				COPY_PHASE_STRIP = NO;
				DEBUG_INFORMATION_FORMAT = dwarf;
				ENABLE_STRICT_OBJC_MSGSEND = YES;
				ENABLE_TESTABILITY = YES;
				GCC_C_LANGUAGE_STANDARD = gnu11;
				GCC_DYNAMIC_NO_PIC = NO;
				GCC_NO_COMMON_BLOCKS = YES;
				GCC_OPTIMIZATION_LEVEL = 0;
				GCC_PREPROCESSOR_DEFINITIONS = (
					"DEBUG=1",
					"$(inherited)",
				);
				GCC_WARN_64_TO_32_BIT_CONVERSION = YES;
				GCC_WARN_ABOUT_RETURN_TYPE = YES_ERROR;
				GCC_WARN_UNDECLARED_SELECTOR = YES;
				GCC_WARN_UNINITIALIZED_AUTOS = YES_AGGRESSIVE;
				GCC_WARN_UNUSED_FUNCTION = YES;
				GCC_WARN_UNUSED_VARIABLE = YES;
				IPHONEOS_DEPLOYMENT_TARGET = 16.2;
				MTL_ENABLE_DEBUG_INFO = INCLUDE_SOURCE;
				MTL_FAST_MATH = YES;
				ONLY_ACTIVE_ARCH = YES;
				SDKROOT = iphoneos;
				SWIFT_ACTIVE_COMPILATION_CONDITIONS = DEBUG;
				SWIFT_OPTIMIZATION_LEVEL = "-Onone";
			};
			name = Debug;
		};
		F2EA98A529BF990500AF7ECC /* Release */ = {
			isa = XCBuildConfiguration;
			buildSettings = {
				ALWAYS_SEARCH_USER_PATHS = NO;
				CLANG_ANALYZER_NONNULL = YES;
				CLANG_ANALYZER_NUMBER_OBJECT_CONVERSION = YES_AGGRESSIVE;
				CLANG_CXX_LANGUAGE_STANDARD = "gnu++20";
				CLANG_ENABLE_MODULES = YES;
				CLANG_ENABLE_OBJC_ARC = YES;
				CLANG_ENABLE_OBJC_WEAK = YES;
				CLANG_WARN_BLOCK_CAPTURE_AUTORELEASING = YES;
				CLANG_WARN_BOOL_CONVERSION = YES;
				CLANG_WARN_COMMA = YES;
				CLANG_WARN_CONSTANT_CONVERSION = YES;
				CLANG_WARN_DEPRECATED_OBJC_IMPLEMENTATIONS = YES;
				CLANG_WARN_DIRECT_OBJC_ISA_USAGE = YES_ERROR;
				CLANG_WARN_DOCUMENTATION_COMMENTS = YES;
				CLANG_WARN_EMPTY_BODY = YES;
				CLANG_WARN_ENUM_CONVERSION = YES;
				CLANG_WARN_INFINITE_RECURSION = YES;
				CLANG_WARN_INT_CONVERSION = YES;
				CLANG_WARN_NON_LITERAL_NULL_CONVERSION = YES;
				CLANG_WARN_OBJC_IMPLICIT_RETAIN_SELF = YES;
				CLANG_WARN_OBJC_LITERAL_CONVERSION = YES;
				CLANG_WARN_OBJC_ROOT_CLASS = YES_ERROR;
				CLANG_WARN_QUOTED_INCLUDE_IN_FRAMEWORK_HEADER = YES;
				CLANG_WARN_RANGE_LOOP_ANALYSIS = YES;
				CLANG_WARN_STRICT_PROTOTYPES = YES;
				CLANG_WARN_SUSPICIOUS_MOVE = YES;
				CLANG_WARN_UNGUARDED_AVAILABILITY = YES_AGGRESSIVE;
				CLANG_WARN_UNREACHABLE_CODE = YES;
				CLANG_WARN__DUPLICATE_METHOD_MATCH = YES;
				COPY_PHASE_STRIP = NO;
				DEBUG_INFORMATION_FORMAT = "dwarf-with-dsym";
				ENABLE_NS_ASSERTIONS = NO;
				ENABLE_STRICT_OBJC_MSGSEND = YES;
				GCC_C_LANGUAGE_STANDARD = gnu11;
				GCC_NO_COMMON_BLOCKS = YES;
				GCC_WARN_64_TO_32_BIT_CONVERSION = YES;
				GCC_WARN_ABOUT_RETURN_TYPE = YES_ERROR;
				GCC_WARN_UNDECLARED_SELECTOR = YES;
				GCC_WARN_UNINITIALIZED_AUTOS = YES_AGGRESSIVE;
				GCC_WARN_UNUSED_FUNCTION = YES;
				GCC_WARN_UNUSED_VARIABLE = YES;
				IPHONEOS_DEPLOYMENT_TARGET = 16.2;
				MTL_ENABLE_DEBUG_INFO = NO;
				MTL_FAST_MATH = YES;
				SDKROOT = iphoneos;
				SWIFT_COMPILATION_MODE = wholemodule;
				SWIFT_OPTIMIZATION_LEVEL = "-O";
				VALIDATE_PRODUCT = YES;
			};
			name = Release;
		};
		F2EA98A729BF990500AF7ECC /* Debug */ = {
			isa = XCBuildConfiguration;
			buildSettings = {
				ASSETCATALOG_COMPILER_APPICON_NAME = AppIcon;
				ASSETCATALOG_COMPILER_GLOBAL_ACCENT_COLOR_NAME = AccentColor;
				CODE_SIGN_STYLE = Automatic;
				CURRENT_PROJECT_VERSION = 1;
				DEVELOPMENT_TEAM = 33DPD5DU8V;
				GENERATE_INFOPLIST_FILE = YES;
				INFOPLIST_FILE = MyStreet/Info.plist;
				INFOPLIST_KEY_CFBundleDisplayName = MyStreet;
				INFOPLIST_KEY_NSLocationWhenInUseUsageDescription = "Please allow us to access your location";
				INFOPLIST_KEY_UIApplicationSupportsIndirectInputEvents = YES;
				INFOPLIST_KEY_UILaunchStoryboardName = LaunchScreen;
				INFOPLIST_KEY_UIMainStoryboardFile = Main;
				INFOPLIST_KEY_UISupportedInterfaceOrientations_iPad = "UIInterfaceOrientationPortrait UIInterfaceOrientationPortraitUpsideDown UIInterfaceOrientationLandscapeLeft UIInterfaceOrientationLandscapeRight";
				INFOPLIST_KEY_UISupportedInterfaceOrientations_iPhone = "UIInterfaceOrientationPortrait UIInterfaceOrientationLandscapeLeft UIInterfaceOrientationLandscapeRight";
				LD_RUNPATH_SEARCH_PATHS = (
					"$(inherited)",
					"@executable_path/Frameworks",
				);
				MARKETING_VERSION = 1.0;
				PRODUCT_BUNDLE_IDENTIFIER = com.ddsa.MyStreet;
				PRODUCT_NAME = "$(TARGET_NAME)";
				SWIFT_EMIT_LOC_STRINGS = YES;
				SWIFT_VERSION = 5.0;
				TARGETED_DEVICE_FAMILY = "1,2";
			};
			name = Debug;
		};
		F2EA98A829BF990500AF7ECC /* Release */ = {
			isa = XCBuildConfiguration;
			buildSettings = {
				ASSETCATALOG_COMPILER_APPICON_NAME = AppIcon;
				ASSETCATALOG_COMPILER_GLOBAL_ACCENT_COLOR_NAME = AccentColor;
				CODE_SIGN_STYLE = Automatic;
				CURRENT_PROJECT_VERSION = 1;
				DEVELOPMENT_TEAM = 33DPD5DU8V;
				GENERATE_INFOPLIST_FILE = YES;
				INFOPLIST_FILE = MyStreet/Info.plist;
				INFOPLIST_KEY_CFBundleDisplayName = MyStreet;
				INFOPLIST_KEY_NSLocationWhenInUseUsageDescription = "Please allow us to access your location";
				INFOPLIST_KEY_UIApplicationSupportsIndirectInputEvents = YES;
				INFOPLIST_KEY_UILaunchStoryboardName = LaunchScreen;
				INFOPLIST_KEY_UIMainStoryboardFile = Main;
				INFOPLIST_KEY_UISupportedInterfaceOrientations_iPad = "UIInterfaceOrientationPortrait UIInterfaceOrientationPortraitUpsideDown UIInterfaceOrientationLandscapeLeft UIInterfaceOrientationLandscapeRight";
				INFOPLIST_KEY_UISupportedInterfaceOrientations_iPhone = "UIInterfaceOrientationPortrait UIInterfaceOrientationLandscapeLeft UIInterfaceOrientationLandscapeRight";
				LD_RUNPATH_SEARCH_PATHS = (
					"$(inherited)",
					"@executable_path/Frameworks",
				);
				MARKETING_VERSION = 1.0;
				PRODUCT_BUNDLE_IDENTIFIER = com.ddsa.MyStreet;
				PRODUCT_NAME = "$(TARGET_NAME)";
				SWIFT_EMIT_LOC_STRINGS = YES;
				SWIFT_VERSION = 5.0;
				TARGETED_DEVICE_FAMILY = "1,2";
			};
			name = Release;
		};
/* End XCBuildConfiguration section */

/* Begin XCConfigurationList section */
		F2EA988D29BF990300AF7ECC /* Build configuration list for PBXProject "MyStreet" */ = {
			isa = XCConfigurationList;
			buildConfigurations = (
				F2EA98A429BF990500AF7ECC /* Debug */,
				F2EA98A529BF990500AF7ECC /* Release */,
			);
			defaultConfigurationIsVisible = 0;
			defaultConfigurationName = Release;
		};
		F2EA98A629BF990500AF7ECC /* Build configuration list for PBXNativeTarget "MyStreet" */ = {
			isa = XCConfigurationList;
			buildConfigurations = (
				F2EA98A729BF990500AF7ECC /* Debug */,
				F2EA98A829BF990500AF7ECC /* Release */,
			);
			defaultConfigurationIsVisible = 0;
			defaultConfigurationName = Release;
		};
/* End XCConfigurationList section */

/* Begin XCRemoteSwiftPackageReference section */
		2CE8233529DC7F3400AE023F /* XCRemoteSwiftPackageReference "Kingfisher" */ = {
			isa = XCRemoteSwiftPackageReference;
			repositoryURL = "https://github.com/onevcat/Kingfisher.git";
			requirement = {
				kind = upToNextMajorVersion;
				minimumVersion = 7.0.0;
			};
		};
		F20E17F729C8FA7E0068B704 /* XCRemoteSwiftPackageReference "firebase-ios-sdk" */ = {
			isa = XCRemoteSwiftPackageReference;
			repositoryURL = "https://github.com/firebase/firebase-ios-sdk";
			requirement = {
				branch = master;
				kind = branch;
			};
		};
/* End XCRemoteSwiftPackageReference section */

/* Begin XCSwiftPackageProductDependency section */
		2CE8233629DC7F3400AE023F /* Kingfisher */ = {
			isa = XCSwiftPackageProductDependency;
			package = 2CE8233529DC7F3400AE023F /* XCRemoteSwiftPackageReference "Kingfisher" */;
			productName = Kingfisher;
		};
		F20E17F829C8FA7E0068B704 /* FirebaseAnalytics */ = {
			isa = XCSwiftPackageProductDependency;
			package = F20E17F729C8FA7E0068B704 /* XCRemoteSwiftPackageReference "firebase-ios-sdk" */;
			productName = FirebaseAnalytics;
		};
		F20E17FA29C8FA7E0068B704 /* FirebaseAnalyticsOnDeviceConversion */ = {
			isa = XCSwiftPackageProductDependency;
			package = F20E17F729C8FA7E0068B704 /* XCRemoteSwiftPackageReference "firebase-ios-sdk" */;
			productName = FirebaseAnalyticsOnDeviceConversion;
		};
		F20E17FC29C8FA7E0068B704 /* FirebaseAnalyticsSwift */ = {
			isa = XCSwiftPackageProductDependency;
			package = F20E17F729C8FA7E0068B704 /* XCRemoteSwiftPackageReference "firebase-ios-sdk" */;
			productName = FirebaseAnalyticsSwift;
		};
		F20E17FE29C8FA7E0068B704 /* FirebaseAnalyticsWithoutAdIdSupport */ = {
			isa = XCSwiftPackageProductDependency;
			package = F20E17F729C8FA7E0068B704 /* XCRemoteSwiftPackageReference "firebase-ios-sdk" */;
			productName = FirebaseAnalyticsWithoutAdIdSupport;
		};
		F20E180029C8FA7E0068B704 /* FirebaseAppCheck */ = {
			isa = XCSwiftPackageProductDependency;
			package = F20E17F729C8FA7E0068B704 /* XCRemoteSwiftPackageReference "firebase-ios-sdk" */;
			productName = FirebaseAppCheck;
		};
		F20E180229C8FA7E0068B704 /* FirebaseAppDistribution-Beta */ = {
			isa = XCSwiftPackageProductDependency;
			package = F20E17F729C8FA7E0068B704 /* XCRemoteSwiftPackageReference "firebase-ios-sdk" */;
			productName = "FirebaseAppDistribution-Beta";
		};
		F20E180429C8FA7E0068B704 /* FirebaseAuth */ = {
			isa = XCSwiftPackageProductDependency;
			package = F20E17F729C8FA7E0068B704 /* XCRemoteSwiftPackageReference "firebase-ios-sdk" */;
			productName = FirebaseAuth;
		};
		F20E180629C8FA7E0068B704 /* FirebaseAuthCombine-Community */ = {
			isa = XCSwiftPackageProductDependency;
			package = F20E17F729C8FA7E0068B704 /* XCRemoteSwiftPackageReference "firebase-ios-sdk" */;
			productName = "FirebaseAuthCombine-Community";
		};
		F20E180829C8FA7E0068B704 /* FirebaseCrashlytics */ = {
			isa = XCSwiftPackageProductDependency;
			package = F20E17F729C8FA7E0068B704 /* XCRemoteSwiftPackageReference "firebase-ios-sdk" */;
			productName = FirebaseCrashlytics;
		};
		F20E180A29C8FA7E0068B704 /* FirebaseDatabase */ = {
			isa = XCSwiftPackageProductDependency;
			package = F20E17F729C8FA7E0068B704 /* XCRemoteSwiftPackageReference "firebase-ios-sdk" */;
			productName = FirebaseDatabase;
		};
		F20E180C29C8FA7E0068B704 /* FirebaseDatabaseSwift */ = {
			isa = XCSwiftPackageProductDependency;
			package = F20E17F729C8FA7E0068B704 /* XCRemoteSwiftPackageReference "firebase-ios-sdk" */;
			productName = FirebaseDatabaseSwift;
		};
		F20E180E29C8FA7E0068B704 /* FirebaseDynamicLinks */ = {
			isa = XCSwiftPackageProductDependency;
			package = F20E17F729C8FA7E0068B704 /* XCRemoteSwiftPackageReference "firebase-ios-sdk" */;
			productName = FirebaseDynamicLinks;
		};
		F20E181029C8FA7E0068B704 /* FirebaseFirestore */ = {
			isa = XCSwiftPackageProductDependency;
			package = F20E17F729C8FA7E0068B704 /* XCRemoteSwiftPackageReference "firebase-ios-sdk" */;
			productName = FirebaseFirestore;
		};
		F20E181229C8FA7E0068B704 /* FirebaseFirestoreCombine-Community */ = {
			isa = XCSwiftPackageProductDependency;
			package = F20E17F729C8FA7E0068B704 /* XCRemoteSwiftPackageReference "firebase-ios-sdk" */;
			productName = "FirebaseFirestoreCombine-Community";
		};
		F20E181429C8FA7E0068B704 /* FirebaseFirestoreSwift */ = {
			isa = XCSwiftPackageProductDependency;
			package = F20E17F729C8FA7E0068B704 /* XCRemoteSwiftPackageReference "firebase-ios-sdk" */;
			productName = FirebaseFirestoreSwift;
		};
		F20E181629C8FA7E0068B704 /* FirebaseFunctions */ = {
			isa = XCSwiftPackageProductDependency;
			package = F20E17F729C8FA7E0068B704 /* XCRemoteSwiftPackageReference "firebase-ios-sdk" */;
			productName = FirebaseFunctions;
		};
		F20E181829C8FA7E0068B704 /* FirebaseFunctionsCombine-Community */ = {
			isa = XCSwiftPackageProductDependency;
			package = F20E17F729C8FA7E0068B704 /* XCRemoteSwiftPackageReference "firebase-ios-sdk" */;
			productName = "FirebaseFunctionsCombine-Community";
		};
		F20E181A29C8FA7E0068B704 /* FirebaseInAppMessaging-Beta */ = {
			isa = XCSwiftPackageProductDependency;
			package = F20E17F729C8FA7E0068B704 /* XCRemoteSwiftPackageReference "firebase-ios-sdk" */;
			productName = "FirebaseInAppMessaging-Beta";
		};
		F20E181C29C8FA7E0068B704 /* FirebaseInAppMessagingSwift-Beta */ = {
			isa = XCSwiftPackageProductDependency;
			package = F20E17F729C8FA7E0068B704 /* XCRemoteSwiftPackageReference "firebase-ios-sdk" */;
			productName = "FirebaseInAppMessagingSwift-Beta";
		};
		F20E181E29C8FA7E0068B704 /* FirebaseInstallations */ = {
			isa = XCSwiftPackageProductDependency;
			package = F20E17F729C8FA7E0068B704 /* XCRemoteSwiftPackageReference "firebase-ios-sdk" */;
			productName = FirebaseInstallations;
		};
		F20E182029C8FA7E0068B704 /* FirebaseMLModelDownloader */ = {
			isa = XCSwiftPackageProductDependency;
			package = F20E17F729C8FA7E0068B704 /* XCRemoteSwiftPackageReference "firebase-ios-sdk" */;
			productName = FirebaseMLModelDownloader;
		};
		F20E182229C8FA7F0068B704 /* FirebaseMessaging */ = {
			isa = XCSwiftPackageProductDependency;
			package = F20E17F729C8FA7E0068B704 /* XCRemoteSwiftPackageReference "firebase-ios-sdk" */;
			productName = FirebaseMessaging;
		};
		F20E182429C8FA7F0068B704 /* FirebasePerformance */ = {
			isa = XCSwiftPackageProductDependency;
			package = F20E17F729C8FA7E0068B704 /* XCRemoteSwiftPackageReference "firebase-ios-sdk" */;
			productName = FirebasePerformance;
		};
		F20E182629C8FA7F0068B704 /* FirebaseRemoteConfig */ = {
			isa = XCSwiftPackageProductDependency;
			package = F20E17F729C8FA7E0068B704 /* XCRemoteSwiftPackageReference "firebase-ios-sdk" */;
			productName = FirebaseRemoteConfig;
		};
		F20E182829C8FA7F0068B704 /* FirebaseRemoteConfigSwift */ = {
			isa = XCSwiftPackageProductDependency;
			package = F20E17F729C8FA7E0068B704 /* XCRemoteSwiftPackageReference "firebase-ios-sdk" */;
			productName = FirebaseRemoteConfigSwift;
		};
		F20E182A29C8FA7F0068B704 /* FirebaseStorage */ = {
			isa = XCSwiftPackageProductDependency;
			package = F20E17F729C8FA7E0068B704 /* XCRemoteSwiftPackageReference "firebase-ios-sdk" */;
			productName = FirebaseStorage;
		};
		F20E182C29C8FA7F0068B704 /* FirebaseStorageCombine-Community */ = {
			isa = XCSwiftPackageProductDependency;
			package = F20E17F729C8FA7E0068B704 /* XCRemoteSwiftPackageReference "firebase-ios-sdk" */;
			productName = "FirebaseStorageCombine-Community";
		};
/* End XCSwiftPackageProductDependency section */
	};
	rootObject = F2EA988A29BF990300AF7ECC /* Project object */;
}
